
Microsoft Visual Studio Solution File, Format Version 12.00
Project("{FAE04EC0-301F-11D3-BF4B-00C04F79EFBC}") = "ServiceUploader", "ServiceUploader\ServiceUploader.csproj", "{5755DBA1-DA9D-4FDD-B802-8CBEA6E5DEC0}"
EndProject
Global
	GlobalSection(SolutionConfigurationPlatforms) = preSolution
		Debug|Any CPU = Debug|Any CPU
		Release|Any CPU = Release|Any CPU
	EndGlobalSection
	GlobalSection(ProjectConfigurationPlatforms) = postSolution
		{5755DBA1-DA9D-4FDD-B802-8CBEA6E5DEC0}.Debug|Any CPU.ActiveCfg = Debug|Any CPU
		{5755DBA1-DA9D-4FDD-B802-8CBEA6E5DEC0}.Debug|Any CPU.Build.0 = Debug|Any CPU
		{5755DBA1-DA9D-4FDD-B802-8CBEA6E5DEC0}.Release|Any CPU.ActiveCfg = Release|Any CPU
		{5755DBA1-DA9D-4FDD-B802-8CBEA6E5DEC0}.Release|Any CPU.Build.0 = Release|Any CPU
	EndGlobalSection
EndGlobal
