
Microsoft Visual Studio Solution File, Format Version 12.00
# Visual Studio Version 17
VisualStudioVersion = 17.0.31903.59
MinimumVisualStudioVersion = 10.0.40219.1
Project("{FAE04EC0-301F-11D3-BF4B-00C04F79EFBC}") = "versioning-manager-api", "versioning-manager-api\versioning-manager-api.csproj", "{2A32F2CC-0C23-40D6-8126-C49CA820578C}"
EndProject
Project("{2150E333-8FDC-42A3-9474-1A3956D46DE8}") = "Solution Items", "Solution Items", "{2DD7EB6C-CCE2-4473-9671-7C6F5E8257FB}"
	ProjectSection(SolutionItems) = preProject
		compose.yaml = compose.yaml
	EndProjectSection
EndProject
Project("{FAE04EC0-301F-11D3-BF4B-00C04F79EFBC}") = "versioning-manager-api.UnitTests", "versioning-manager-api.UnitTests\versioning-manager-api.UnitTests.csproj", "{770ADE5C-CA8F-47EA-924D-563717E0AF9C}"
EndProject
Project("{FAE04EC0-301F-11D3-BF4B-00C04F79EFBC}") = "versioning-manager-api.Client", "versioning-manager-api.Client\versioning-manager-api.Client.csproj", "{A3653990-5B5A-495E-99C3-AC82B7293842}"
EndProject
Project("{FAE04EC0-301F-11D3-BF4B-00C04F79EFBC}") = "versioning-manager-api.Routes", "versioning-manager-api.Routes\versioning-manager-api.Routes.csproj", "{531076FF-07D5-4D29-869B-43F864E334AA}"
EndProject
Project("{FAE04EC0-301F-11D3-BF4B-00C04F79EFBC}") = "versioning-manager-api.Models", "versioning-manager-api.Models\versioning-manager-api.Models.csproj", "{243A7609-9C31-441B-8B5A-4D199163CC5C}"
EndProject
Project("{FAE04EC0-301F-11D3-BF4B-00C04F79EFBC}") = "versioning-manager-api.DbContext", "versioning-manager-api.DbContext\versioning-manager-api.DbContext.csproj", "{796D8F92-0040-467B-B952-E858F123315F}"
EndProject
Global
	GlobalSection(SolutionConfigurationPlatforms) = preSolution
		Debug|Any CPU = Debug|Any CPU
		Release|Any CPU = Release|Any CPU
	EndGlobalSection
	GlobalSection(SolutionProperties) = preSolution
		HideSolutionNode = FALSE
	EndGlobalSection
	GlobalSection(ProjectConfigurationPlatforms) = postSolution
		{2A32F2CC-0C23-40D6-8126-C49CA820578C}.Debug|Any CPU.ActiveCfg = Debug|Any CPU
		{2A32F2CC-0C23-40D6-8126-C49CA820578C}.Debug|Any CPU.Build.0 = Debug|Any CPU
		{2A32F2CC-0C23-40D6-8126-C49CA820578C}.Release|Any CPU.ActiveCfg = Release|Any CPU
		{2A32F2CC-0C23-40D6-8126-C49CA820578C}.Release|Any CPU.Build.0 = Release|Any CPU
		{770ADE5C-CA8F-47EA-924D-563717E0AF9C}.Debug|Any CPU.ActiveCfg = Debug|Any CPU
		{770ADE5C-CA8F-47EA-924D-563717E0AF9C}.Debug|Any CPU.Build.0 = Debug|Any CPU
		{770ADE5C-CA8F-47EA-924D-563717E0AF9C}.Release|Any CPU.ActiveCfg = Release|Any CPU
		{770ADE5C-CA8F-47EA-924D-563717E0AF9C}.Release|Any CPU.Build.0 = Release|Any CPU
		{A3653990-5B5A-495E-99C3-AC82B7293842}.Debug|Any CPU.ActiveCfg = Debug|Any CPU
		{A3653990-5B5A-495E-99C3-AC82B7293842}.Debug|Any CPU.Build.0 = Debug|Any CPU
		{A3653990-5B5A-495E-99C3-AC82B7293842}.Release|Any CPU.ActiveCfg = Release|Any CPU
		{A3653990-5B5A-495E-99C3-AC82B7293842}.Release|Any CPU.Build.0 = Release|Any CPU
		{531076FF-07D5-4D29-869B-43F864E334AA}.Debug|Any CPU.ActiveCfg = Debug|Any CPU
		{531076FF-07D5-4D29-869B-43F864E334AA}.Debug|Any CPU.Build.0 = Debug|Any CPU
		{531076FF-07D5-4D29-869B-43F864E334AA}.Release|Any CPU.ActiveCfg = Release|Any CPU
		{531076FF-07D5-4D29-869B-43F864E334AA}.Release|Any CPU.Build.0 = Release|Any CPU
		{243A7609-9C31-441B-8B5A-4D199163CC5C}.Debug|Any CPU.ActiveCfg = Debug|Any CPU
		{243A7609-9C31-441B-8B5A-4D199163CC5C}.Debug|Any CPU.Build.0 = Debug|Any CPU
		{243A7609-9C31-441B-8B5A-4D199163CC5C}.Release|Any CPU.ActiveCfg = Release|Any CPU
		{243A7609-9C31-441B-8B5A-4D199163CC5C}.Release|Any CPU.Build.0 = Release|Any CPU
		{796D8F92-0040-467B-B952-E858F123315F}.Debug|Any CPU.ActiveCfg = Debug|Any CPU
		{796D8F92-0040-467B-B952-E858F123315F}.Debug|Any CPU.Build.0 = Debug|Any CPU
		{796D8F92-0040-467B-B952-E858F123315F}.Release|Any CPU.ActiveCfg = Release|Any CPU
		{796D8F92-0040-467B-B952-E858F123315F}.Release|Any CPU.Build.0 = Release|Any CPU
	EndGlobalSection
EndGlobal
